{
  "object": {
    "pins": [
      {
        "package": "capacitor-swift-pm",
        "repositoryURL": "https://github.com/ionic-team/capacitor-swift-pm.git",
        "state": {
          "branch": null,
          "revision": "eb9a900023fe46671fc3d6f6761cbecc910345f7",
          "version": "7.4.3"
        }
      }
    ]
  },
  "version": 1
}
